
Microsoft Visual Studio Solution File, Format Version 12.00
# Visual Studio Version 16
VisualStudioVersion = 16.0.29230.47
MinimumVisualStudioVersion = 10.0.40219.1
Project("{FAE04EC0-301F-11D3-BF4B-00C04F79EFBC}") = "Ugly_Login_GUI", "Ugly_Login_GUI\Ugly_Login_GUI.csproj", "{09A7844A-A508-49E3-98C9-794BF83EC448}"
EndProject
Global
	GlobalSection(SolutionConfigurationPlatforms) = preSolution
		Debug|Any CPU = Debug|Any CPU
		Release|Any CPU = Release|Any CPU
	EndGlobalSection
	GlobalSection(ProjectConfigurationPlatforms) = postSolution
		{09A7844A-A508-49E3-98C9-794BF83EC448}.Debug|Any CPU.ActiveCfg = Debug|Any CPU
		{09A7844A-A508-49E3-98C9-794BF83EC448}.Debug|Any CPU.Build.0 = Debug|Any CPU
		{09A7844A-A508-49E3-98C9-794BF83EC448}.Release|Any CPU.ActiveCfg = Release|Any CPU
		{09A7844A-A508-49E3-98C9-794BF83EC448}.Release|Any CPU.Build.0 = Release|Any CPU
	EndGlobalSection
	GlobalSection(SolutionProperties) = preSolution
		HideSolutionNode = FALSE
	EndGlobalSection
	GlobalSection(ExtensibilityGlobals) = postSolution
		SolutionGuid = {55191B8E-5CC6-4509-8CEA-E330CDDAA924}
	EndGlobalSection
EndGlobal
